
Microsoft Visual Studio Solution File, Format Version 12.00
# Visual Studio Version 16
VisualStudioVersion = 16.0.29215.179
MinimumVisualStudioVersion = 10.0.40219.1
Project("{8BC9CEB8-8B4A-11D0-8D11-00A0C91BC942}") = "Dll1", "Dll1.vcxproj", "{6119685E-D1D8-460C-A9B6-B3D33C1E0EF1}"
EndProject
Global
	GlobalSection(SolutionConfigurationPlatforms) = preSolution
		Debug|x64 = Debug|x64
		Debug|x86 = Debug|x86
		Release|x64 = Release|x64
		Release|x86 = Release|x86
	EndGlobalSection
	GlobalSection(ProjectConfigurationPlatforms) = postSolution
		{6119685E-D1D8-460C-A9B6-B3D33C1E0EF1}.Debug|x64.ActiveCfg = Debug|x64
		{6119685E-D1D8-460C-A9B6-B3D33C1E0EF1}.Debug|x64.Build.0 = Debug|x64
		{6119685E-D1D8-460C-A9B6-B3D33C1E0EF1}.Debug|x86.ActiveCfg = Debug|Win32
		{6119685E-D1D8-460C-A9B6-B3D33C1E0EF1}.Debug|x86.Build.0 = Debug|Win32
		{6119685E-D1D8-460C-A9B6-B3D33C1E0EF1}.Release|x64.ActiveCfg = Release|x64
		{6119685E-D1D8-460C-A9B6-B3D33C1E0EF1}.Release|x64.Build.0 = Release|x64
		{6119685E-D1D8-460C-A9B6-B3D33C1E0EF1}.Release|x86.ActiveCfg = Release|Win32
		{6119685E-D1D8-460C-A9B6-B3D33C1E0EF1}.Release|x86.Build.0 = Release|Win32
	EndGlobalSection
	GlobalSection(SolutionProperties) = preSolution
		HideSolutionNode = FALSE
	EndGlobalSection
	GlobalSection(ExtensibilityGlobals) = postSolution
		SolutionGuid = {9B699FCE-C67B-40C3-8298-5150B4AA71AB}
	EndGlobalSection
EndGlobal
